
Microsoft Visual Studio Solution File, Format Version 12.00
# Visual Studio Version 17
VisualStudioVersion = 17.0.31912.275
MinimumVisualStudioVersion = 10.0.40219.1
Project("{FAE04EC0-301F-11D3-BF4B-00C04F79EFBC}") = "MatchGame", "MatchGame\MatchGame.csproj", "{F86545F8-60BC-49A4-91F3-A37B5B136281}"
EndProject
Global
	GlobalSection(SolutionConfigurationPlatforms) = preSolution
		Debug|Any CPU = Debug|Any CPU
		Release|Any CPU = Release|Any CPU
	EndGlobalSection
	GlobalSection(ProjectConfigurationPlatforms) = postSolution
		{F86545F8-60BC-49A4-91F3-A37B5B136281}.Debug|Any CPU.ActiveCfg = Debug|Any CPU
		{F86545F8-60BC-49A4-91F3-A37B5B136281}.Debug|Any CPU.Build.0 = Debug|Any CPU
		{F86545F8-60BC-49A4-91F3-A37B5B136281}.Release|Any CPU.ActiveCfg = Release|Any CPU
		{F86545F8-60BC-49A4-91F3-A37B5B136281}.Release|Any CPU.Build.0 = Release|Any CPU
	EndGlobalSection
	GlobalSection(SolutionProperties) = preSolution
		HideSolutionNode = FALSE
	EndGlobalSection
	GlobalSection(ExtensibilityGlobals) = postSolution
		SolutionGuid = {0ABEF3B2-ABCB-4B82-926E-E5AB3027BA90}
	EndGlobalSection
EndGlobal
